
Microsoft Visual Studio Solution File, Format Version 12.00
# Visual Studio 15
VisualStudioVersion = 15.0.27004.2010
MinimumVisualStudioVersion = 10.0.40219.1
Project("{FAE04EC0-301F-11D3-BF4B-00C04F79EFBC}") = "IoTDeviceSimulationDataBuilder", "IoTDeviceSimulationDataBuilder\IoTDeviceSimulationDataBuilder.csproj", "{FB75C19C-1353-44A1-95EF-930BC4B01625}"
EndProject
Global
	GlobalSection(SolutionConfigurationPlatforms) = preSolution
		Debug|Any CPU = Debug|Any CPU
		Release|Any CPU = Release|Any CPU
	EndGlobalSection
	GlobalSection(ProjectConfigurationPlatforms) = postSolution
		{FB75C19C-1353-44A1-95EF-930BC4B01625}.Debug|Any CPU.ActiveCfg = Debug|Any CPU
		{FB75C19C-1353-44A1-95EF-930BC4B01625}.Debug|Any CPU.Build.0 = Debug|Any CPU
		{FB75C19C-1353-44A1-95EF-930BC4B01625}.Release|Any CPU.ActiveCfg = Release|Any CPU
		{FB75C19C-1353-44A1-95EF-930BC4B01625}.Release|Any CPU.Build.0 = Release|Any CPU
	EndGlobalSection
	GlobalSection(SolutionProperties) = preSolution
		HideSolutionNode = FALSE
	EndGlobalSection
	GlobalSection(ExtensibilityGlobals) = postSolution
		SolutionGuid = {8FA18560-C61E-4836-86FF-3BED3C54625A}
	EndGlobalSection
EndGlobal
